
Microsoft Visual Studio Solution File, Format Version 12.00
# Visual Studio 2015
Project("{FAE04EC0-301F-11D3-BF4B-00C04F79EFBC}") = "Running Man", "Running Man.csproj", "{00038589-9828-901F-33F2-9E22D62FA491}"
EndProject
Global
	GlobalSection(SolutionConfigurationPlatforms) = preSolution
		Debug|Any CPU = Debug|Any CPU
		Release|Any CPU = Release|Any CPU
	EndGlobalSection
	GlobalSection(ProjectConfigurationPlatforms) = postSolution
		{00038589-9828-901F-33F2-9E22D62FA491}.Debug|Any CPU.ActiveCfg = Debug|Any CPU
		{00038589-9828-901F-33F2-9E22D62FA491}.Debug|Any CPU.Build.0 = Debug|Any CPU
		{00038589-9828-901F-33F2-9E22D62FA491}.Release|Any CPU.ActiveCfg = Release|Any CPU
		{00038589-9828-901F-33F2-9E22D62FA491}.Release|Any CPU.Build.0 = Release|Any CPU
	EndGlobalSection
	GlobalSection(SolutionProperties) = preSolution
		HideSolutionNode = FALSE
	EndGlobalSection
EndGlobal
