Microsoft Visual Studio Solution File, Format Version 11.00
# Visual Studio 2008

Project("{DEF090C3-8B5E-0A77-AC0E-5D35AEE720E1}") = "Running Man", "Assembly-CSharp.csproj", "{461EC330-7484-511C-B1C6-081E30C66546}"
EndProject
Global
	GlobalSection(SolutionConfigurationPlatforms) = preSolution
		Debug|Any CPU = Debug|Any CPU
		Release|Any CPU = Release|Any CPU
	EndGlobalSection
	GlobalSection(ProjectConfigurationPlatforms) = postSolution
		{461EC330-7484-511C-B1C6-081E30C66546}.Debug|Any CPU.ActiveCfg = Debug|Any CPU
		{461EC330-7484-511C-B1C6-081E30C66546}.Debug|Any CPU.Build.0 = Debug|Any CPU
		{461EC330-7484-511C-B1C6-081E30C66546}.Release|Any CPU.ActiveCfg = Release|Any CPU
		{461EC330-7484-511C-B1C6-081E30C66546}.Release|Any CPU.Build.0 = Release|Any CPU
	EndGlobalSection
	GlobalSection(SolutionProperties) = preSolution
		HideSolutionNode = FALSE
	EndGlobalSection
	GlobalSection(MonoDevelopProperties) = preSolution
		StartupItem = Assembly-CSharp.csproj
	EndGlobalSection
EndGlobal
